
Microsoft Visual Studio Solution File, Format Version 12.00
# Visual Studio Version 16
VisualStudioVersion = 16.0.30804.86
MinimumVisualStudioVersion = 10.0.40219.1
Project("{FAE04EC0-301F-11D3-BF4B-00C04F79EFBC}") = "Genshin-Lyre-Midi-Tool", "Genshin-Lyre-Midi-Tool.csproj", "{8D651407-3A80-443C-854E-68564DFE8184}"
EndProject
Global
	GlobalSection(SolutionConfigurationPlatforms) = preSolution
		Debug|Any CPU = Debug|Any CPU
		Release|Any CPU = Release|Any CPU
	EndGlobalSection
	GlobalSection(ProjectConfigurationPlatforms) = postSolution
		{8D651407-3A80-443C-854E-68564DFE8184}.Debug|Any CPU.ActiveCfg = Debug|Any CPU
		{8D651407-3A80-443C-854E-68564DFE8184}.Debug|Any CPU.Build.0 = Debug|Any CPU
		{8D651407-3A80-443C-854E-68564DFE8184}.Release|Any CPU.ActiveCfg = Release|Any CPU
		{8D651407-3A80-443C-854E-68564DFE8184}.Release|Any CPU.Build.0 = Release|Any CPU
	EndGlobalSection
	GlobalSection(SolutionProperties) = preSolution
		HideSolutionNode = FALSE
	EndGlobalSection
	GlobalSection(ExtensibilityGlobals) = postSolution
		SolutionGuid = {D83E6534-22F6-4F8B-B568-868D09816951}
	EndGlobalSection
EndGlobal
